{
    "_meta": {
        "hash": {
            "sha256": "cf922f0912e44cff66e13e8545a401b13076ab156ffe36dee9711bccbb84bf06"
        },
        "pipfile-spec": 6,
        "requires": {
            "python_version": "3.9"
        },
        "sources": [
            {
                "name": "pypi",
                "url": "https://pypi.org/simple",
                "verify_ssl": true
            }
        ]
    },
    "default": {
        "asgiref": {
            "hashes": [
                "sha256:2f8abc20f7248433085eda803936d98992f1343ddb022065779f37c5da0181d0",
                "sha256:88d59c13d634dcffe0510be048210188edd79aeccb6a6c9028cdad6f31d730a9"
            ],
            "markers": "python_version >= '3.7'",
            "version": "==3.5.0"
        },
        "beautifulsoup4": {
            "hashes": [
                "sha256:9a315ce70049920ea4572a4055bc4bd700c940521d36fc858205ad4fcde149bf",
                "sha256:c23ad23c521d818955a4151a67d81580319d4bf548d3d49f4223ae041ff98891"
            ],
            "index": "pypi",
            "version": "==4.10.0"
        },
        "cachetools": {
            "hashes": [
                "sha256:486471dfa8799eb7ec503a8059e263db000cdda20075ce5e48903087f79d5fd6",
                "sha256:8fecd4203a38af17928be7b90689d8083603073622229ca7077b72d8e5a976e4"
            ],
            "markers": "python_version ~= '3.7'",
            "version": "==5.0.0"
        },
        "certifi": {
            "hashes": [
                "sha256:78884e7c1d4b00ce3cea67b44566851c4343c120abd683433ce934a68ea58872",
                "sha256:d62a0163eb4c2344ac042ab2bdf75399a71a2d8c7d47eac2e2ee91b9d6339569"
            ],
            "version": "==2021.10.8"
        },
        "charset-normalizer": {
            "hashes": [
                "sha256:2857e29ff0d34db842cd7ca3230549d1a697f96ee6d3fb071cfa6c7393832597",
                "sha256:6881edbebdb17b39b4eaaa821b438bf6eddffb4468cf344f09f89def34a8b1df"
            ],
            "markers": "python_version >= '3'",
            "version": "==2.0.12"
        },
        "dj-database-url": {
            "hashes": [
                "sha256:4aeaeb1f573c74835b0686a2b46b85990571159ffc21aa57ecd4d1e1cb334163",
                "sha256:851785365761ebe4994a921b433062309eb882fedd318e1b0fcecc607ed02da9"
            ],
            "version": "==0.5.0"
        },
        "django": {
            "hashes": [
                "sha256:1239218849e922033a35d2a2f777cb8bee18bd725416744074f455f34ff50d0c",
                "sha256:77ff2e7050e3324c9b67e29b6707754566f58514112a9ac73310f60cd5261930"
            ],
            "index": "pypi",
            "version": "==4.0.3"
        },
        "django-cors-headers": {
            "hashes": [
                "sha256:a22be2befd4069c4fc174f11cf067351df5c061a3a5f94a01650b4e928b0372b",
                "sha256:eb98389bf7a2afc5d374806af4a9149697e3a6955b5a2dc2bf049f7d33647456"
            ],
            "index": "pypi",
            "version": "==3.11.0"
        },
        "django-filter": {
            "hashes": [
                "sha256:632a251fa8f1aadb4b8cceff932bb52fe2f826dd7dfe7f3eac40e5c463d6836e",
                "sha256:f4a6737a30104c98d2e2a5fb93043f36dd7978e0c7ddc92f5998e85433ea5063"
            ],
            "index": "pypi",
            "version": "==21.1"
        },
        "django-heroku": {
            "hashes": [
                "sha256:2bc690aab89eedbe01311752320a9a12e7548e3b0ed102681acc5736a41a4762",
                "sha256:6af4bc3ae4a9b55eaad6dbe5164918982d2762661aebc9f83d9fa49f6009514e"
            ],
            "index": "pypi",
            "version": "==0.3.1"
        },
        "djangorestframework": {
            "hashes": [
                "sha256:0c33407ce23acc68eca2a6e46424b008c9c02eceb8cf18581921d0092bc1f2ee",
                "sha256:24c4bf58ed7e85d1fe4ba250ab2da926d263cd57d64b03e8dcef0ac683f8b1aa"
            ],
            "index": "pypi",
            "version": "==3.13.1"
        },
        "djangorestframework-simplejwt": {
            "hashes": [
                "sha256:75323528a7b910843b879194746f0ebc3481c4ad9f354de2dd162160662fb95a",
                "sha256:cd3ee3aabdc98de104957c136e74ba2a16571b151c88ecd97421fce171a03ea4"
            ],
            "index": "pypi",
            "version": "==5.1.0"
        },
        "google-analytics-data": {
            "hashes": [
                "sha256:134cd9ce966b0f0c9da186314fa7b669c00621c306ae7bb41a2eee76085709ee",
                "sha256:c1a5bb0f26b18345cd2cbe1d691aa356b255b393787da238867f75413517b371"
            ],
            "index": "pypi",
            "version": "==0.11.1"
        },
        "google-api-core": {
            "extras": [
                "grpc"
            ],
            "hashes": [
                "sha256:6be1fc59e2a7ba9f66808bbc22f976f81e4c3e7ab20fa0620ce42686288787d0",
                "sha256:b0fa577e512f0c8e063386b974718b8614586a798c5894ed34bedf256d9dae24"
            ],
            "markers": "python_version >= '3.6'",
            "version": "==2.7.1"
        },
        "google-auth": {
            "hashes": [
                "sha256:3ba4d63cb29c1e6d5ffcc1c0623c03cf02ede6240a072f213084749574e691ab",
                "sha256:60d449f8142c742db760f4c0be39121bc8d9be855555d784c252deaca1ced3f5"
            ],
            "markers": "python_version >= '2.7' and python_version not in '3.0, 3.1, 3.2, 3.3, 3.4, 3.5'",
            "version": "==2.6.2"
        },
        "googleapis-common-protos": {
            "hashes": [
                "sha256:4007500795bcfc269d279f0f7d253ae18d6dc1ff5d5a73613ffe452038b1ec5f",
                "sha256:60220c89b8bd5272159bed4929ecdc1243ae1f73437883a499a44a1cbc084086"
            ],
            "markers": "python_version >= '3.6'",
            "version": "==1.56.0"
        },
        "grpcio": {
            "hashes": [
                "sha256:077a15ce2c620aa3d0e458d585e48281153147fe8c09231d93fb095d36d776df",
                "sha256:1371914fd87fa358271a62e8c489526ebcedcda7f332aa75b1327f32c6a77116",
                "sha256:13f7fa460fbf3900cd4de70c9e461dadd0d41a6f97ed6d211fa64c6227199713",
                "sha256:1f091ae9c476556482b23c82e38b7e3f8f8936acfe49ce94d9b469ce2f4864fa",
                "sha256:26863cae81589be15fff218a63404f096cf3307089d8ceb35fa6ed4f71056729",
                "sha256:3c85ba795ca00ddc5439ae4e719d69ba072627aa38eab3730c03b1a3696becea",
                "sha256:4261726896a288e7865be25bb9b51767ffd5ed72cef93e7bd150541e6ecd6657",
                "sha256:46347bcdedcfa3a38f367e9391972a701c6e998559c8fb0a88187db1e7e7034b",
                "sha256:4c07dab99be2b4d4fef08387dda400ff480e3fe2ac4fd8e40dc4a5a69b7d6753",
                "sha256:4d840c837363772ae435244073d7537955cbe68f48345d431e925f55921775cd",
                "sha256:4ed924193d60e0536c1d21beca1b80ac5564ce969a6ef44a1cabeba5cd36ae1e",
                "sha256:4f57f719cac4e10fe8c7ab97d302af5fed38381b214b2a8cb88e3b686d05d8ac",
                "sha256:681644ae9cb8280ca365c076fa6b3d82734ea797bd920c466f476b5d2648ea07",
                "sha256:713dae6b3d5fcf92da125a0aadc4c99b1174f9a3679ce9426236e362adfae6ab",
                "sha256:731987a32e46b5bcc9d1520b54ed6ebacc8b4c1dd433202af3014e1e26f9683b",
                "sha256:735a622ee588d1d10b11caab66ee4d9a776d0067fe8b8af1792a09b8d1a96868",
                "sha256:777dfa25cfdafbb95ed1c0e9fe144f902101bc11c1146c5c01d980a1d5c234dc",
                "sha256:78c968431be96459a0b2c3a076d01ba52de6ad1ba669cd19dc1654a9f5ab655e",
                "sha256:7dcd57233db114b2343847751308ffa8c9be2769ff069dbcf1fec3c482fcdc0e",
                "sha256:7fc82cdaade801d96e5226eb40f0f1a6fa395ef39ea37ceeb216b87d3e503303",
                "sha256:815abda8af85f9b43cdffe22a22f70ee7b806078a8ecc760ff303c1f85b4da33",
                "sha256:819d62fe3eb5600da736f1b6ebc89dfe3747463bf9a7689cfc4e9c77f489017d",
                "sha256:82fb184ff5ba1333060a41efff2e90717275d14c07cf07efafa7f9782c03c018",
                "sha256:846574e9b99d59c63f70df6822a7a6400fec6c65cb380db27bb1bd6e93b18f52",
                "sha256:853eefbbac33717a4bc9b4285784786c4cb194885672063445b48226feeb5538",
                "sha256:8816dd44c8e0bd2e0760aebb77a5ce401b49ccd7f1eb195d47ce3e2751224c7a",
                "sha256:8ab88e5fc85f7389b8656671e0deeadfe4cf806cdfc493fd7571c74ed5b0f695",
                "sha256:8b9a2fe1ba1ee1969415387ead42f1d39d970963724d455631de5e862c132cb0",
                "sha256:8e602a17cc802b1c44f4be0d0210a48cbd554afce1d75d0903d6e225bece31c9",
                "sha256:97af6a4607dadfaa764fe2ede136999e629cb23d75ca888c0cb99c737718bfdf",
                "sha256:9f8187610c4c995a5aa73a81d8b524ca75c48e1c5082cc3ec410756db0d19b6b",
                "sha256:a066fdfd0a8a84ef72a69fd685bd0b801e5db2eedc497010421c5a5b96e3c328",
                "sha256:a22f00a049b0d90bb76acdda74ab16df5f59a836aef933ba07dca77853a68dc5",
                "sha256:a46df2f6abe947cef50ef25f7d2703fb8ae69d54e656e42be4a9cf14c6780cf4",
                "sha256:ab8d4abd07372f0de678f48cde17a82e3a44eccc555f6fe0fd21b63fcefe4099",
                "sha256:b2d1895d7868f63169ccb72d997b6912fb8a29ebaece7c8e4edfe84b6993ff18",
                "sha256:b3a76937b6079a010e2f27d1758f96977385352e3839d09f7c467e708194d50c",
                "sha256:bcdf6fe55e37773b0bee4d7383dfee47f9d044a9712b2a3833f813a65364bf42",
                "sha256:bf39add21569032ba0ccc6d40d68da5386292ccb6da57df6d5b0c3605b3b05b0",
                "sha256:c37a6d4932d7b331962e478ad0a4cd09aa548e7b2cbf5aefd2d4dce0544f7c26",
                "sha256:c8170689b4dae5e9ed16a0a6cc9ce7a857849b2a5056e6511ceaef172a76d3a0",
                "sha256:c81e62cedecf41c3bf884f987233d232e9d0b4df3b0a5dbb29f660c2a1ed61fa",
                "sha256:cfaa0c0070644540e4343c3837c7c44e53bf7591ab1393573025ef3b00b1ff23",
                "sha256:d018a3c03608e62fadb89ca26a247ff90fa863baeef81b74bdffccde4f720d4b",
                "sha256:d575ac36d7b40f9deea1af92cf727dac97fa081ee31dfd945d0ec027a854ebd5",
                "sha256:de243a3cf74b4e5369882e13632803f16cb180a9c958dd16450c9445c07ff776",
                "sha256:e548edd49d076d84a31329b096cd33f415702705a5220da9ce831fff264c999e",
                "sha256:e637b3374fc78c30064fc174ffcd1eb3ba6078836d883bc03130196a16ac8d71",
                "sha256:e6d78794096444306c687f208cda6539c61d0ec38a8bd88f3583243feeb90e43",
                "sha256:ef357179b0910b2ab1f303f10414eef6097445c70d849031841b7c2b3f7c6c8d",
                "sha256:ef4e8a726696344fa9d51e289cf78e742edf5f18ec210d70f838d521ea50ec48",
                "sha256:f33769c0a2167454e69caddaa89affe791178413955be491192027abb1ab0353",
                "sha256:f5309452e6f0538e32d07aab2f0d62e234a2e4b45d53bea07d74b5afa7729527",
                "sha256:f65525548961140f1348e94fc3fd3f7794b8c0414c03e34e82ffe7ea4023f216"
            ],
            "version": "==1.45.0rc1"
        },
        "grpcio-status": {
            "hashes": [
                "sha256:6914d08124c5998a04139d7bc235960a183d84c16152f41b740698532f8b8ef7",
                "sha256:87b48d59fe71b9c56a48bdff4a9df24c5e024583ca367c47248e3901fb1d48c8"
            ],
            "version": "==1.45.0rc1"
        },
        "gunicorn": {
            "hashes": [
                "sha256:9dcc4547dbb1cb284accfb15ab5667a0e5d1881cc443e0677b4882a4067a807e",
                "sha256:e0a968b5ba15f8a328fdfd7ab1fcb5af4470c28aaf7e55df02a99bc13138e6e8"
            ],
            "index": "pypi",
            "version": "==20.1.0"
        },
        "idna": {
            "hashes": [
                "sha256:84d9dd047ffa80596e0f246e2eab0b391788b0503584e8945f2368256d2735ff",
                "sha256:9d643ff0a55b762d5cdb124b8eaa99c66322e2157b69160bc32796e824360e6d"
            ],
            "markers": "python_version >= '3'",
            "version": "==3.3"
        },
        "packaging": {
            "hashes": [
                "sha256:dd47c42927d89ab911e606518907cc2d3a1f38bbd026385970643f9c5b8ecfeb",
                "sha256:ef103e05f519cdc783ae24ea4e2e0f508a9c99b2d4969652eed6a2e1ea5bd522"
            ],
            "markers": "python_version >= '3.6'",
            "version": "==21.3"
        },
        "proto-plus": {
            "hashes": [
                "sha256:b06be21c3848fbc20387d1d6891a9b97dfa1cdd0f10d3d42ef70b5700ec0f423",
                "sha256:f28b225bc9e6c14e206fb7f8e996a46fb2ccd902648e512d496abb6a716a4ae5"
            ],
            "markers": "python_version >= '3.6'",
            "version": "==1.20.3"
        },
        "protobuf": {
            "hashes": [
                "sha256:06e445c9352337037ee50591c64cd7f7296c8a852864588222919e9b915e34d2",
                "sha256:122324448da48251108d5067612a16cdf14cc5df0fb00b068b6ef828c34ae9e4",
                "sha256:1a96a97d7cd5ec71fc6fa5aba448f793838453a2739026ec47c258de80c0ba19",
                "sha256:20aefa9d310fbbae13a181fcca913aebd83e5d8e4fe48a8d8ff5bbba71483339",
                "sha256:219059e555be7d99fcb7c69f833690816cfbefe6229ed9cf3c464dfb5782bf6f",
                "sha256:28eda32fc6c746f709649ff0eae1f49aa0ea930ad5e82398b45011f50b47a423",
                "sha256:32b80145605f1009f08274c0a3c54b130dbe884caf6c6613e7404c5c740523c4",
                "sha256:340c7df4c25aff80cc6f1b3aef1f1cb1c62b97974fe72dead569713f667950f4",
                "sha256:34a1124bc465014dff5f233bbde2d508379258fd47626f935b2546beda428000",
                "sha256:44ac7fb04a4ef4d4ffe24fb111c5cb2d3c918d7946146e540d4762d622afb2ad",
                "sha256:4d295b31547526666189abb4788e287d10697c796b2aaeffda6d8286056ff0b6",
                "sha256:565c6a1d20771c099e8e68ed943375e9c2089c838bf7405bb2981b695803baee",
                "sha256:6332f21cd8e57e5a62f63847a5abcb96f99a5f88735fd2a1f838aa61c5efd233",
                "sha256:776905ee1ffea0f226d1e3a8609c5f514cd68b9c77b3840ba561878d4882a15d",
                "sha256:8b92e34645161bd3c69ef78075fde12b141db49a3a5c6ed67b4a663538160d07",
                "sha256:9457e54f44a0d41496da219b13bf1fe456ed8a5043bc1ce0ae7aaadd32a84da0",
                "sha256:a198454c71dec036bc1f83688e6fa134ef05f47ae1d9f5b93f8d8dc88f34e84a",
                "sha256:a47b041029a5177b23ff75e116d45abf71a833d48e88ab93ca44dd904a00bc7c",
                "sha256:a6805bfe20907cfe9087a0a3872a96dbce1087482acd4ae2e39c46d580fe1349",
                "sha256:bdbae2f5460dab7cb7d268a5e1e701e6b2fe280c1aa8fcf1ffad8fab45b75560",
                "sha256:cd90d4794b5ce5e7e539fcd7136f385a526a90697a4939f1debc5c750c329de7",
                "sha256:eb4a7a99fe4505aaabaa72a7e636a25e3725cd01a93bd898a9d5ffa56d54e267",
                "sha256:f1933ffcf71906ebb8095b69f5bde2f8dd4fdd66b37d150e5a38e684a5919938",
                "sha256:f42976ac862bbc2f56da5cfea4eac34659d75ec305d4d4c3de9ecb548d2c6e9e"
            ],
            "markers": "python_version >= '3.7'",
            "version": "==3.20.0rc2"
        },
        "psycopg2": {
            "hashes": [
                "sha256:06f32425949bd5fe8f625c49f17ebb9784e1e4fe928b7cce72edc36fb68e4c0c",
                "sha256:0762c27d018edbcb2d34d51596e4346c983bd27c330218c56c4dc25ef7e819bf",
                "sha256:083707a696e5e1c330af2508d8fab36f9700b26621ccbcb538abe22e15485362",
                "sha256:34b33e0162cfcaad151f249c2649fd1030010c16f4bbc40a604c1cb77173dcf7",
                "sha256:4295093a6ae3434d33ec6baab4ca5512a5082cc43c0505293087b8a46d108461",
                "sha256:8cf3878353cc04b053822896bc4922b194792df9df2f1ad8da01fb3043602126",
                "sha256:8e841d1bf3434da985cc5ef13e6f75c8981ced601fd70cc6bf33351b91562981",
                "sha256:9572e08b50aed176ef6d66f15a21d823bb6f6d23152d35e8451d7d2d18fdac56",
                "sha256:a81e3866f99382dfe8c15a151f1ca5fde5815fde879348fe5a9884a7c092a305",
                "sha256:cb10d44e6694d763fa1078a26f7f6137d69f555a78ec85dc2ef716c37447e4b2",
                "sha256:d3ca6421b942f60c008f81a3541e8faf6865a28d5a9b48544b0ee4f40cac7fca"
            ],
            "index": "pypi",
            "version": "==2.9.3"
        },
        "pyasn1": {
            "hashes": [
                "sha256:014c0e9976956a08139dc0712ae195324a75e142284d5f87f1a87ee1b068a359",
                "sha256:03840c999ba71680a131cfaee6fab142e1ed9bbd9c693e285cc6aca0d555e576",
                "sha256:0458773cfe65b153891ac249bcf1b5f8f320b7c2ce462151f8fa74de8934becf",
                "sha256:08c3c53b75eaa48d71cf8c710312316392ed40899cb34710d092e96745a358b7",
                "sha256:39c7e2ec30515947ff4e87fb6f456dfc6e84857d34be479c9d4a4ba4bf46aa5d",
                "sha256:5c9414dcfede6e441f7e8f81b43b34e834731003427e5b09e4e00e3172a10f00",
                "sha256:6e7545f1a61025a4e58bb336952c5061697da694db1cae97b116e9c46abcf7c8",
                "sha256:78fa6da68ed2727915c4767bb386ab32cdba863caa7dbe473eaae45f9959da86",
                "sha256:7ab8a544af125fb704feadb008c99a88805126fb525280b2270bb25cc1d78a12",
                "sha256:99fcc3c8d804d1bc6d9a099921e39d827026409a58f2a720dcdb89374ea0c776",
                "sha256:aef77c9fb94a3ac588e87841208bdec464471d9871bd5050a287cc9a475cd0ba",
                "sha256:e89bf84b5437b532b0803ba5c9a5e054d21fec423a89952a74f87fa2c9b7bce2",
                "sha256:fec3e9d8e36808a28efb59b489e4528c10ad0f480e57dcc32b4de5c9d8c9fdf3"
            ],
            "version": "==0.4.8"
        },
        "pyasn1-modules": {
            "hashes": [
                "sha256:0845a5582f6a02bb3e1bde9ecfc4bfcae6ec3210dd270522fee602365430c3f8",
                "sha256:0fe1b68d1e486a1ed5473f1302bd991c1611d319bba158e98b106ff86e1d7199",
                "sha256:15b7c67fabc7fc240d87fb9aabf999cf82311a6d6fb2c70d00d3d0604878c811",
                "sha256:426edb7a5e8879f1ec54a1864f16b882c2837bfd06eee62f2c982315ee2473ed",
                "sha256:65cebbaffc913f4fe9e4808735c95ea22d7a7775646ab690518c056784bc21b4",
                "sha256:905f84c712230b2c592c19470d3ca8d552de726050d1d1716282a1f6146be65e",
                "sha256:a50b808ffeb97cb3601dd25981f6b016cbb3d31fbf57a8b8a87428e6158d0c74",
                "sha256:a99324196732f53093a84c4369c996713eb8c89d360a496b599fb1a9c47fc3eb",
                "sha256:b80486a6c77252ea3a3e9b1e360bc9cf28eaac41263d173c032581ad2f20fe45",
                "sha256:c29a5e5cc7a3f05926aff34e097e84f8589cd790ce0ed41b67aed6857b26aafd",
                "sha256:cbac4bc38d117f2a49aeedec4407d23e8866ea4ac27ff2cf7fb3e5b570df19e0",
                "sha256:f39edd8c4ecaa4556e989147ebf219227e2cd2e8a43c7e7fcb1f1c18c5fd6a3d",
                "sha256:fe0644d9ab041506b62782e92b06b8c68cca799e1a9636ec398675459e031405"
            ],
            "version": "==0.2.8"
        },
        "pyjwt": {
            "hashes": [
                "sha256:b888b4d56f06f6dcd777210c334e69c737be74755d3e5e9ee3fe67dc18a0ee41",
                "sha256:e0c4bb8d9f0af0c7f5b1ec4c5036309617d03d56932877f2f7a0beeb5318322f"
            ],
            "markers": "python_version >= '3.6'",
            "version": "==2.3.0"
        },
        "pyparsing": {
            "hashes": [
                "sha256:18ee9022775d270c55187733956460083db60b37d0d0fb357445f3094eed3eea",
                "sha256:a6c06a88f252e6c322f65faf8f418b16213b51bdfaece0524c1c1bc30c63c484"
            ],
            "markers": "python_version >= '3.6'",
            "version": "==3.0.7"
        },
        "pytz": {
            "hashes": [
                "sha256:1e760e2fe6a8163bc0b3d9a19c4f84342afa0a2affebfaa84b01b978a02ecaa7",
                "sha256:e68985985296d9a66a881eb3193b0906246245294a881e7c8afe623866ac6a5c"
            ],
            "version": "==2022.1"
        },
        "pyyaml": {
            "hashes": [
                "sha256:0283c35a6a9fbf047493e3a0ce8d79ef5030852c51e9d911a27badfde0605293",
                "sha256:055d937d65826939cb044fc8c9b08889e8c743fdc6a32b33e2390f66013e449b",
                "sha256:07751360502caac1c067a8132d150cf3d61339af5691fe9e87803040dbc5db57",
                "sha256:0b4624f379dab24d3725ffde76559cff63d9ec94e1736b556dacdfebe5ab6d4b",
                "sha256:0ce82d761c532fe4ec3f87fc45688bdd3a4c1dc5e0b4a19814b9009a29baefd4",
                "sha256:1e4747bc279b4f613a09eb64bba2ba602d8a6664c6ce6396a4d0cd413a50ce07",
                "sha256:213c60cd50106436cc818accf5baa1aba61c0189ff610f64f4a3e8c6726218ba",
                "sha256:231710d57adfd809ef5d34183b8ed1eeae3f76459c18fb4a0b373ad56bedcdd9",
                "sha256:277a0ef2981ca40581a47093e9e2d13b3f1fbbeffae064c1d21bfceba2030287",
                "sha256:2cd5df3de48857ed0544b34e2d40e9fac445930039f3cfe4bcc592a1f836d513",
                "sha256:40527857252b61eacd1d9af500c3337ba8deb8fc298940291486c465c8b46ec0",
                "sha256:473f9edb243cb1935ab5a084eb238d842fb8f404ed2193a915d1784b5a6b5fc0",
                "sha256:48c346915c114f5fdb3ead70312bd042a953a8ce5c7106d5bfb1a5254e47da92",
                "sha256:50602afada6d6cbfad699b0c7bb50d5ccffa7e46a3d738092afddc1f9758427f",
                "sha256:68fb519c14306fec9720a2a5b45bc9f0c8d1b9c72adf45c37baedfcd949c35a2",
                "sha256:77f396e6ef4c73fdc33a9157446466f1cff553d979bd00ecb64385760c6babdc",
                "sha256:819b3830a1543db06c4d4b865e70ded25be52a2e0631ccd2f6a47a2822f2fd7c",
                "sha256:897b80890765f037df3403d22bab41627ca8811ae55e9a722fd0392850ec4d86",
                "sha256:98c4d36e99714e55cfbaaee6dd5badbc9a1ec339ebfc3b1f52e293aee6bb71a4",
                "sha256:9df7ed3b3d2e0ecfe09e14741b857df43adb5a3ddadc919a2d94fbdf78fea53c",
                "sha256:9fa600030013c4de8165339db93d182b9431076eb98eb40ee068700c9c813e34",
                "sha256:a80a78046a72361de73f8f395f1f1e49f956c6be882eed58505a15f3e430962b",
                "sha256:b3d267842bf12586ba6c734f89d1f5b871df0273157918b0ccefa29deb05c21c",
                "sha256:b5b9eccad747aabaaffbc6064800670f0c297e52c12754eb1d976c57e4f74dcb",
                "sha256:c5687b8d43cf58545ade1fe3e055f70eac7a5a1a0bf42824308d868289a95737",
                "sha256:cba8c411ef271aa037d7357a2bc8f9ee8b58b9965831d9e51baf703280dc73d3",
                "sha256:d15a181d1ecd0d4270dc32edb46f7cb7733c7c508857278d3d378d14d606db2d",
                "sha256:d4db7c7aef085872ef65a8fd7d6d09a14ae91f691dec3e87ee5ee0539d516f53",
                "sha256:d4eccecf9adf6fbcc6861a38015c2a64f38b9d94838ac1810a9023a0609e1b78",
                "sha256:d67d839ede4ed1b28a4e8909735fc992a923cdb84e618544973d7dfc71540803",
                "sha256:daf496c58a8c52083df09b80c860005194014c3698698d1a57cbcfa182142a3a",
                "sha256:e61ceaab6f49fb8bdfaa0f92c4b57bcfbea54c09277b1b4f7ac376bfb7a7c174",
                "sha256:f84fbc98b019fef2ee9a1cb3ce93e3187a6df0b2538a651bfb890254ba9f90b5"
            ],
            "index": "pypi",
            "version": "==6.0"
        },
        "requests": {
            "hashes": [
                "sha256:68d7c56fd5a8999887728ef304a6d12edc7be74f1cfa47714fc8b414525c9a61",
                "sha256:f22fa1e554c9ddfd16e6e41ac79759e17be9e492b3587efa038054674760e72d"
            ],
            "markers": "python_version >= '2.7' and python_version not in '3.0, 3.1, 3.2, 3.3, 3.4, 3.5'",
            "version": "==2.27.1"
        },
        "rsa": {
            "hashes": [
                "sha256:5c6bd9dc7a543b7fe4304a631f8a8a3b674e2bbfc49c2ae96200cdbe55df6b17",
                "sha256:95c5d300c4e879ee69708c428ba566c59478fd653cc3a22243eeb8ed846950bb"
            ],
            "markers": "python_version >= '3.6'",
            "version": "==4.8"
        },
        "sentry-sdk": {
            "hashes": [
                "sha256:32af1a57954576709242beb8c373b3dbde346ac6bd616921def29d68846fb8c3",
                "sha256:38fd16a92b5ef94203db3ece10e03bdaa291481dd7e00e77a148aa0302267d47"
            ],
            "index": "pypi",
            "version": "==1.5.8"
        },
        "setuptools": {
            "hashes": [
                "sha256:6599055eeb23bfef457d5605d33a4d68804266e6cb430b0fb12417c5efeae36c",
                "sha256:782ef48d58982ddb49920c11a0c5c9c0b02e7d7d1c2ad0aa44e1a1e133051c96"
            ],
            "markers": "python_version >= '3.7'",
            "version": "==60.10.0"
        },
        "six": {
            "hashes": [
                "sha256:1e61c37477a1626458e36f7b1d82aa5c9b094fa4802892072e49de9c60c4c926",
                "sha256:8abb2f1d86890a2dfb989f9a77cfcfd3e47c2a354b01111771326f8aa26e0254"
            ],
            "markers": "python_version >= '2.7' and python_version not in '3.0, 3.1, 3.2, 3.3'",
            "version": "==1.16.0"
        },
        "soupsieve": {
            "hashes": [
                "sha256:1a3cca2617c6b38c0343ed661b1fa5de5637f257d4fe22bd9f1338010a1efefb",
                "sha256:b8d49b1cd4f037c7082a9683dfa1801aa2597fb11c3a1155b7a5b94829b4f1f9"
            ],
            "markers": "python_version >= '3.6'",
            "version": "==2.3.1"
        },
        "sqlparse": {
            "hashes": [
                "sha256:0c00730c74263a94e5a9919ade150dfc3b19c574389985446148402998287dae",
                "sha256:48719e356bb8b42991bdbb1e8b83223757b93789c00910a616a071910ca4a64d"
            ],
            "markers": "python_version >= '3.5'",
            "version": "==0.4.2"
        },
        "uritemplate": {
            "hashes": [
                "sha256:4346edfc5c3b79f694bccd6d6099a322bbeb628dbf2cd86eea55a456ce5124f0",
                "sha256:830c08b8d99bdd312ea4ead05994a38e8936266f84b9a7878232db50b044e02e"
            ],
            "index": "pypi",
            "version": "==4.1.1"
        },
        "urllib3": {
            "hashes": [
                "sha256:44ece4d53fb1706f667c9bd1c648f5469a2ec925fcf3a776667042d645472c14",
                "sha256:aabaf16477806a5e1dd19aa41f8c2b7950dd3c746362d7e3223dbe6de6ac448e"
            ],
            "markers": "python_version >= '2.7' and python_version not in '3.0, 3.1, 3.2, 3.3, 3.4' and python_version < '4'",
            "version": "==1.26.9"
        },
        "whitenoise": {
            "hashes": [
                "sha256:08c42bc535f9777eea1a599289d9433f081921f97887eaf6f559446b2a080374",
                "sha256:5a4aff543ee860fbe40d743e556adf92ccd41b7df45697cae074afdf657056b9"
            ],
            "markers": "python_version >= '3.7'",
            "version": "==6.0.0"
        }
    },
    "develop": {
        "black": {
            "hashes": [
                "sha256:07e5c049442d7ca1a2fc273c79d1aecbbf1bc858f62e8184abe1ad175c4f7cc2",
                "sha256:0e21e1f1efa65a50e3960edd068b6ae6d64ad6235bd8bfea116a03b21836af71",
                "sha256:1297c63b9e1b96a3d0da2d85d11cd9bf8664251fd69ddac068b98dc4f34f73b6",
                "sha256:228b5ae2c8e3d6227e4bde5920d2fc66cc3400fde7bcc74f480cb07ef0b570d5",
                "sha256:2d6f331c02f0f40aa51a22e479c8209d37fcd520c77721c034517d44eecf5912",
                "sha256:2ff96450d3ad9ea499fc4c60e425a1439c2120cbbc1ab959ff20f7c76ec7e866",
                "sha256:3524739d76b6b3ed1132422bf9d82123cd1705086723bc3e235ca39fd21c667d",
                "sha256:35944b7100af4a985abfcaa860b06af15590deb1f392f06c8683b4381e8eeaf0",
                "sha256:373922fc66676133ddc3e754e4509196a8c392fec3f5ca4486673e685a421321",
                "sha256:5fa1db02410b1924b6749c245ab38d30621564e658297484952f3d8a39fce7e8",
                "sha256:6f2f01381f91c1efb1451998bd65a129b3ed6f64f79663a55fe0e9b74a5f81fd",
                "sha256:742ce9af3086e5bd07e58c8feb09dbb2b047b7f566eb5f5bc63fd455814979f3",
                "sha256:7835fee5238fc0a0baf6c9268fb816b5f5cd9b8793423a75e8cd663c48d073ba",
                "sha256:8871fcb4b447206904932b54b567923e5be802b9b19b744fdff092bd2f3118d0",
                "sha256:a7c0192d35635f6fc1174be575cb7915e92e5dd629ee79fdaf0dcfa41a80afb5",
                "sha256:b1a5ed73ab4c482208d20434f700d514f66ffe2840f63a6252ecc43a9bc77e8a",
                "sha256:c8226f50b8c34a14608b848dc23a46e5d08397d009446353dad45e04af0c8e28",
                "sha256:ccad888050f5393f0d6029deea2a33e5ae371fd182a697313bdbd835d3edaf9c",
                "sha256:dae63f2dbf82882fa3b2a3c49c32bffe144970a573cd68d247af6560fc493ae1",
                "sha256:e2f69158a7d120fd641d1fa9a921d898e20d52e44a74a6fbbcc570a62a6bc8ab",
                "sha256:efbadd9b52c060a8fc3b9658744091cb33c31f830b3f074422ed27bad2b18e8f",
                "sha256:f5660feab44c2e3cb24b2419b998846cbb01c23c7fe645fee45087efa3da2d61",
                "sha256:fdb8754b453fb15fad3f72cd9cad3e16776f0964d67cf30ebcbf10327a3777a3"
            ],
            "index": "pypi",
            "version": "==22.1.0"
        },
        "click": {
            "hashes": [
                "sha256:6a7a62563bbfabfda3a38f3023a1db4a35978c0abd76f6c9605ecd6554d6d9b1",
                "sha256:8458d7b1287c5fb128c90e23381cf99dcde74beaf6c7ff6384ce84d6fe090adb"
            ],
            "markers": "python_version >= '3.6'",
            "version": "==8.0.4"
        },
        "flake8": {
            "hashes": [
                "sha256:479b1304f72536a55948cb40a32dce8bb0ffe3501e26eaf292c7e60eb5e0428d",
                "sha256:806e034dda44114815e23c16ef92f95c91e4c71100ff52813adf7132a6ad870d"
            ],
            "index": "pypi",
            "version": "==4.0.1"
        },
        "isort": {
            "hashes": [
                "sha256:6f62d78e2f89b4500b080fe3a81690850cd254227f27f75c3a0c491a1f351ba7",
                "sha256:e8443a5e7a020e9d7f97f1d7d9cd17c88bcb3bc7e218bf9cf5095fe550be2951"
            ],
            "index": "pypi",
            "version": "==5.10.1"
        },
        "mccabe": {
            "hashes": [
                "sha256:ab8a6258860da4b6677da4bd2fe5dc2c659cff31b3ee4f7f5d64e79735b80d42",
                "sha256:dd8d182285a0fe56bace7f45b5e7d1a6ebcbf524e8f3bd87eb0f125271b8831f"
            ],
            "version": "==0.6.1"
        },
        "mypy": {
            "hashes": [
                "sha256:080097eee5393fd740f32c63f9343580aaa0fb1cda0128fd859dfcf081321c3d",
                "sha256:0d3bcbe146247997e03bf030122000998b076b3ac6925b0b6563f46d1ce39b50",
                "sha256:0dd441fbacf48e19dc0c5c42fafa72b8e1a0ba0a39309c1af9c84b9397d9b15a",
                "sha256:108f3c7e14a038cf097d2444fa0155462362c6316e3ecb2d70f6dd99cd36084d",
                "sha256:3bada0cf7b6965627954b3a128903a87cac79a79ccd83b6104912e723ef16c7b",
                "sha256:3cf77f138efb31727ee7197bc824c9d6d7039204ed96756cc0f9ca7d8e8fc2a4",
                "sha256:42c216a33d2bdba08098acaf5bae65b0c8196afeb535ef4b870919a788a27259",
                "sha256:465a6ce9ca6268cadfbc27a2a94ddf0412568a6b27640ced229270be4f5d394d",
                "sha256:6a8e1f63357851444940351e98fb3252956a15f2cabe3d698316d7a2d1f1f896",
                "sha256:745071762f32f65e77de6df699366d707fad6c132a660d1342077cbf671ef589",
                "sha256:818cfc51c25a5dbfd0705f3ac1919fff6971eb0c02e6f1a1f6a017a42405a7c0",
                "sha256:8e5974583a77d630a5868eee18f85ac3093caf76e018c510aeb802b9973304ce",
                "sha256:8eaf55fdf99242a1c8c792247c455565447353914023878beadb79600aac4a2a",
                "sha256:98f61aad0bb54f797b17da5b82f419e6ce214de0aa7e92211ebee9e40eb04276",
                "sha256:b2ce2788df0c066c2ff4ba7190fa84f18937527c477247e926abeb9b1168b8cc",
                "sha256:b30d29251dff4c59b2e5a1fa1bab91ff3e117b4658cb90f76d97702b7a2ae699",
                "sha256:bf446223b2e0e4f0a4792938e8d885e8a896834aded5f51be5c3c69566495540",
                "sha256:cbcc691d8b507d54cb2b8521f0a2a3d4daa477f62fe77f0abba41e5febb377b7",
                "sha256:d051ce0946521eba48e19b25f27f98e5ce4dbc91fff296de76240c46b4464df0",
                "sha256:d61b73c01fc1de799226963f2639af831307fe1556b04b7c25e2b6c267a3bc76",
                "sha256:eea10982b798ff0ccc3b9e7e42628f932f552c5845066970e67cd6858655d52c",
                "sha256:f79137d012ff3227866222049af534f25354c07a0d6b9a171dba9f1d6a1fdef4",
                "sha256:fc5ecff5a3bbfbe20091b1cad82815507f5ae9c380a3a9bf40f740c70ce30a9b"
            ],
            "index": "pypi",
            "version": "==0.941"
        },
        "mypy-extensions": {
            "hashes": [
                "sha256:090fedd75945a69ae91ce1303b5824f428daf5a028d2f6ab8a299250a846f15d",
                "sha256:2d82818f5bb3e369420cb3c4060a7970edba416647068eb4c5343488a6c604a8"
            ],
            "version": "==0.4.3"
        },
        "pathspec": {
            "hashes": [
                "sha256:7d15c4ddb0b5c802d161efc417ec1a2558ea2653c2e8ad9c19098201dc1c993a",
                "sha256:e564499435a2673d586f6b2130bb5b95f04a3ba06f81b8f895b651a3c76aabb1"
            ],
            "version": "==0.9.0"
        },
        "platformdirs": {
            "hashes": [
                "sha256:7535e70dfa32e84d4b34996ea99c5e432fa29a708d0f4e394bbcb2a8faa4f16d",
                "sha256:bcae7cab893c2d310a711b70b24efb93334febe65f8de776ee320b517471e227"
            ],
            "markers": "python_version >= '3.7'",
            "version": "==2.5.1"
        },
        "pycodestyle": {
            "hashes": [
                "sha256:720f8b39dde8b293825e7ff02c475f3077124006db4f440dcbc9a20b76548a20",
                "sha256:eddd5847ef438ea1c7870ca7eb78a9d47ce0cdb4851a5523949f2601d0cbbe7f"
            ],
            "markers": "python_version >= '2.7' and python_version not in '3.0, 3.1, 3.2, 3.3, 3.4'",
            "version": "==2.8.0"
        },
        "pyflakes": {
            "hashes": [
                "sha256:05a85c2872edf37a4ed30b0cce2f6093e1d0581f8c19d7393122da7e25b2b24c",
                "sha256:3bb3a3f256f4b7968c9c788781e4ff07dce46bdf12339dcda61053375426ee2e"
            ],
            "markers": "python_version >= '2.7' and python_version not in '3.0, 3.1, 3.2, 3.3'",
            "version": "==2.4.0"
        },
        "tomli": {
            "hashes": [
                "sha256:939de3e7a6161af0c887ef91b7d41a53e7c5a1ca976325f429cb46ea9bc30ecc",
                "sha256:de526c12914f0c550d15924c62d72abc48d6fe7364aa87328337a31007fe8a4f"
            ],
            "markers": "python_version >= '3.7'",
            "version": "==2.0.1"
        },
        "types-requests": {
            "hashes": [
                "sha256:04579ee164f7c2659be46950e3c2f8d51a081ad252ef1b01d4b12faba5c3810b",
                "sha256:c01838abfe3e8a83ba68346cd373afff97594c19c15c922ddee4a0e80ba7e329"
            ],
            "index": "pypi",
            "version": "==2.27.14"
        },
        "types-urllib3": {
            "hashes": [
                "sha256:24d64e441168851eb05f1d022de18ae31558f5649c8f1117e384c2e85e31315b",
                "sha256:bd0abc01e9fb963e4fddd561a56d21cc371b988d1245662195c90379077139cd"
            ],
            "version": "==1.26.11"
        },
        "typing-extensions": {
            "hashes": [
                "sha256:1a9462dcc3347a79b1f1c0271fbe79e844580bb598bafa1ed208b94da3cdcd42",
                "sha256:21c85e0fe4b9a155d0799430b0ad741cdce7e359660ccbd8b530613e8df88ce2"
            ],
            "markers": "python_version < '3.10'",
            "version": "==4.1.1"
        }
    }
}
